
Microsoft Visual Studio Solution File, Format Version 11.00
# Visual Studio 2010
Project("{FAE04EC0-301F-11D3-BF4B-00C04F79EFBC}") = "SaqFetch", "SaqFetch\SaqFetch.csproj", "{34C9AF7D-23F2-4B9D-AF73-A1F52897EC7F}"
EndProject
Project("{FAE04EC0-301F-11D3-BF4B-00C04F79EFBC}") = "SaqRepresentation", "SaqRepresentation\SaqRepresentation.csproj", "{1E6EA48C-0298-42F7-95B9-6CC830A52E21}"
EndProject
Project("{FAE04EC0-301F-11D3-BF4B-00C04F79EFBC}") = "SaqTests", "SaqTests\SaqTests.csproj", "{26BC1A15-419A-4956-8264-AB08B665A3AE}"
EndProject
Project("{FAE04EC0-301F-11D3-BF4B-00C04F79EFBC}") = "WebAppAsp", "WebAppAsp\WebAppAsp.csproj", "{7C630184-357D-4110-A1D0-5087900F859A}"
EndProject
Project("{FAE04EC0-301F-11D3-BF4B-00C04F79EFBC}") = "WebAppSelf", "WebAppSelf\WebAppSelf.csproj", "{857290BC-6306-4C9A-A2CD-2EEC56E3340C}"
EndProject
Global
	GlobalSection(SolutionConfigurationPlatforms) = preSolution
		Debug|Any CPU = Debug|Any CPU
		Debug|Mixed Platforms = Debug|Mixed Platforms
		Debug|x86 = Debug|x86
		Release|Any CPU = Release|Any CPU
		Release|Mixed Platforms = Release|Mixed Platforms
		Release|x86 = Release|x86
	EndGlobalSection
	GlobalSection(ProjectConfigurationPlatforms) = postSolution
		{34C9AF7D-23F2-4B9D-AF73-A1F52897EC7F}.Debug|Any CPU.ActiveCfg = Debug|Any CPU
		{34C9AF7D-23F2-4B9D-AF73-A1F52897EC7F}.Debug|Any CPU.Build.0 = Debug|Any CPU
		{34C9AF7D-23F2-4B9D-AF73-A1F52897EC7F}.Debug|Mixed Platforms.ActiveCfg = Debug|Any CPU
		{34C9AF7D-23F2-4B9D-AF73-A1F52897EC7F}.Debug|Mixed Platforms.Build.0 = Debug|Any CPU
		{34C9AF7D-23F2-4B9D-AF73-A1F52897EC7F}.Debug|x86.ActiveCfg = Debug|Any CPU
		{34C9AF7D-23F2-4B9D-AF73-A1F52897EC7F}.Release|Any CPU.ActiveCfg = Release|Any CPU
		{34C9AF7D-23F2-4B9D-AF73-A1F52897EC7F}.Release|Any CPU.Build.0 = Release|Any CPU
		{34C9AF7D-23F2-4B9D-AF73-A1F52897EC7F}.Release|Mixed Platforms.ActiveCfg = Release|Any CPU
		{34C9AF7D-23F2-4B9D-AF73-A1F52897EC7F}.Release|Mixed Platforms.Build.0 = Release|Any CPU
		{34C9AF7D-23F2-4B9D-AF73-A1F52897EC7F}.Release|x86.ActiveCfg = Release|Any CPU
		{1E6EA48C-0298-42F7-95B9-6CC830A52E21}.Debug|Any CPU.ActiveCfg = Debug|Any CPU
		{1E6EA48C-0298-42F7-95B9-6CC830A52E21}.Debug|Any CPU.Build.0 = Debug|Any CPU
		{1E6EA48C-0298-42F7-95B9-6CC830A52E21}.Debug|Mixed Platforms.ActiveCfg = Debug|Any CPU
		{1E6EA48C-0298-42F7-95B9-6CC830A52E21}.Debug|Mixed Platforms.Build.0 = Debug|Any CPU
		{1E6EA48C-0298-42F7-95B9-6CC830A52E21}.Debug|x86.ActiveCfg = Debug|Any CPU
		{1E6EA48C-0298-42F7-95B9-6CC830A52E21}.Release|Any CPU.ActiveCfg = Release|Any CPU
		{1E6EA48C-0298-42F7-95B9-6CC830A52E21}.Release|Any CPU.Build.0 = Release|Any CPU
		{1E6EA48C-0298-42F7-95B9-6CC830A52E21}.Release|Mixed Platforms.ActiveCfg = Release|Any CPU
		{1E6EA48C-0298-42F7-95B9-6CC830A52E21}.Release|Mixed Platforms.Build.0 = Release|Any CPU
		{1E6EA48C-0298-42F7-95B9-6CC830A52E21}.Release|x86.ActiveCfg = Release|Any CPU
		{26BC1A15-419A-4956-8264-AB08B665A3AE}.Debug|Any CPU.ActiveCfg = Debug|Any CPU
		{26BC1A15-419A-4956-8264-AB08B665A3AE}.Debug|Any CPU.Build.0 = Debug|Any CPU
		{26BC1A15-419A-4956-8264-AB08B665A3AE}.Debug|Mixed Platforms.ActiveCfg = Debug|Any CPU
		{26BC1A15-419A-4956-8264-AB08B665A3AE}.Debug|Mixed Platforms.Build.0 = Debug|Any CPU
		{26BC1A15-419A-4956-8264-AB08B665A3AE}.Debug|x86.ActiveCfg = Debug|Any CPU
		{26BC1A15-419A-4956-8264-AB08B665A3AE}.Release|Any CPU.ActiveCfg = Release|Any CPU
		{26BC1A15-419A-4956-8264-AB08B665A3AE}.Release|Any CPU.Build.0 = Release|Any CPU
		{26BC1A15-419A-4956-8264-AB08B665A3AE}.Release|Mixed Platforms.ActiveCfg = Release|Any CPU
		{26BC1A15-419A-4956-8264-AB08B665A3AE}.Release|Mixed Platforms.Build.0 = Release|Any CPU
		{26BC1A15-419A-4956-8264-AB08B665A3AE}.Release|x86.ActiveCfg = Release|Any CPU
		{7C630184-357D-4110-A1D0-5087900F859A}.Debug|Any CPU.ActiveCfg = Debug|Any CPU
		{7C630184-357D-4110-A1D0-5087900F859A}.Debug|Any CPU.Build.0 = Debug|Any CPU
		{7C630184-357D-4110-A1D0-5087900F859A}.Debug|Mixed Platforms.ActiveCfg = Debug|Any CPU
		{7C630184-357D-4110-A1D0-5087900F859A}.Debug|Mixed Platforms.Build.0 = Debug|Any CPU
		{7C630184-357D-4110-A1D0-5087900F859A}.Debug|x86.ActiveCfg = Debug|Any CPU
		{7C630184-357D-4110-A1D0-5087900F859A}.Debug|x86.Build.0 = Debug|Any CPU
		{7C630184-357D-4110-A1D0-5087900F859A}.Release|Any CPU.ActiveCfg = Release|Any CPU
		{7C630184-357D-4110-A1D0-5087900F859A}.Release|Any CPU.Build.0 = Release|Any CPU
		{7C630184-357D-4110-A1D0-5087900F859A}.Release|Mixed Platforms.ActiveCfg = Release|Any CPU
		{7C630184-357D-4110-A1D0-5087900F859A}.Release|Mixed Platforms.Build.0 = Release|Any CPU
		{7C630184-357D-4110-A1D0-5087900F859A}.Release|x86.ActiveCfg = Release|Any CPU
		{7C630184-357D-4110-A1D0-5087900F859A}.Release|x86.Build.0 = Release|Any CPU
		{857290BC-6306-4C9A-A2CD-2EEC56E3340C}.Debug|Any CPU.ActiveCfg = Debug|Mixed Platforms
		{857290BC-6306-4C9A-A2CD-2EEC56E3340C}.Debug|Any CPU.Build.0 = Debug|Mixed Platforms
		{857290BC-6306-4C9A-A2CD-2EEC56E3340C}.Debug|Mixed Platforms.ActiveCfg = Debug|Mixed Platforms
		{857290BC-6306-4C9A-A2CD-2EEC56E3340C}.Debug|Mixed Platforms.Build.0 = Debug|Mixed Platforms
		{857290BC-6306-4C9A-A2CD-2EEC56E3340C}.Debug|x86.ActiveCfg = Debug|Mixed Platforms
		{857290BC-6306-4C9A-A2CD-2EEC56E3340C}.Debug|x86.Build.0 = Debug|Mixed Platforms
		{857290BC-6306-4C9A-A2CD-2EEC56E3340C}.Release|Any CPU.ActiveCfg = Release|Mixed Platforms
		{857290BC-6306-4C9A-A2CD-2EEC56E3340C}.Release|Any CPU.Build.0 = Release|Mixed Platforms
		{857290BC-6306-4C9A-A2CD-2EEC56E3340C}.Release|Mixed Platforms.ActiveCfg = Release|Mixed Platforms
		{857290BC-6306-4C9A-A2CD-2EEC56E3340C}.Release|Mixed Platforms.Build.0 = Release|Mixed Platforms
		{857290BC-6306-4C9A-A2CD-2EEC56E3340C}.Release|x86.ActiveCfg = Release|Mixed Platforms
		{857290BC-6306-4C9A-A2CD-2EEC56E3340C}.Release|x86.Build.0 = Release|Mixed Platforms
	EndGlobalSection
	GlobalSection(SolutionProperties) = preSolution
		HideSolutionNode = FALSE
	EndGlobalSection
	GlobalSection(MonoDevelopProperties) = preSolution
		StartupItem = SimpleWebQuiz\SimpleWebQuiz.csproj
	EndGlobalSection
EndGlobal
